
Microsoft Visual Studio Solution File, Format Version 12.00
# Visual Studio Version 17
VisualStudioVersion = 17.12.35521.163
MinimumVisualStudioVersion = 10.0.40219.1
Project("{2150E333-8FDC-42A3-9474-1A3956D46DE8}") = "Task0", "Task0", "{FDEECC1D-CDF1-42D9-8747-56BC1BEC8D9D}"
EndProject
Project("{FAE04EC0-301F-11D3-BF4B-00C04F79EFBC}") = "Tyuiu.RyabtsevNE.Sprint6.Task0.V12.Lib", "Tyuiu.RyabtsevNE.Sprint6.Task0.V12.Lib\Tyuiu.RyabtsevNE.Sprint6.Task0.V12.Lib.csproj", "{FB2C862E-B4CB-4E01-8333-E61C92C2416C}"
EndProject
Project("{FAE04EC0-301F-11D3-BF4B-00C04F79EFBC}") = "Tyuiu.RyabtsevNE.Sprint6.Task0.V12.Test", "Tyuiu.RyabtsevNE.Sprint6.Task0.V12.Test\Tyuiu.RyabtsevNE.Sprint6.Task0.V12.Test.csproj", "{ACE694CB-6A5C-4B4A-9750-A42A5585A2FA}"
EndProject
Project("{FAE04EC0-301F-11D3-BF4B-00C04F79EFBC}") = "Tyuiu.RyabtsevNE.Sprint6.Task0.V12", "Tyuiu.RyabtsevNE.Sprint6.Task0.V12\Tyuiu.RyabtsevNE.Sprint6.Task0.V12.csproj", "{6B060B7C-F40D-4193-9CB0-6BD731F710E7}"
EndProject
Project("{2150E333-8FDC-42A3-9474-1A3956D46DE8}") = "Task1", "Task1", "{44BBBCDB-6CD6-4E38-ABB6-98E08688FA7E}"
EndProject
Project("{FAE04EC0-301F-11D3-BF4B-00C04F79EFBC}") = "Tyuiu.RyabtsevNE.Sprint6.Task1.V18.Lib", "Tyuiu.RyabtsevNE.Sprint6.Task1.V18.Lib\Tyuiu.RyabtsevNE.Sprint6.Task1.V18.Lib.csproj", "{62879190-E52E-46C7-8034-A15F775DB9D5}"
EndProject
Project("{FAE04EC0-301F-11D3-BF4B-00C04F79EFBC}") = "Tyuiu.RyabtsevNE.Sprint6.Task1.V18.Test", "Tyuiu.RyabtsevNE.Sprint6.Task1.V18.Test\Tyuiu.RyabtsevNE.Sprint6.Task1.V18.Test.csproj", "{A0DD853B-56C1-41C1-8ECC-1FBC52FD0421}"
EndProject
Project("{FAE04EC0-301F-11D3-BF4B-00C04F79EFBC}") = "Tyuiu.RyabtsevNE.Sprint6.Task1.V18", "Tyuiu.RyabtsevNE.Sprint6.Task1.V18\Tyuiu.RyabtsevNE.Sprint6.Task1.V18.csproj", "{38467872-5AF5-46FF-87DA-22ECBF98B7DD}"
EndProject
Project("{2150E333-8FDC-42A3-9474-1A3956D46DE8}") = "Task2", "Task2", "{F833EF4A-AA6E-42CD-8777-89C6889F5AF2}"
EndProject
Project("{FAE04EC0-301F-11D3-BF4B-00C04F79EFBC}") = "Tyuiu.RyabtsevNE.Sprint6.Task2.V4.Lib", "Tyuiu.RyabtsevNE.Sprint6.Task2.V4.Lib\Tyuiu.RyabtsevNE.Sprint6.Task2.V4.Lib.csproj", "{EFCAADCD-7A30-4C9B-8859-BE16A726D63E}"
EndProject
Project("{FAE04EC0-301F-11D3-BF4B-00C04F79EFBC}") = "Tyuiu.RyabtsevNE.Sprint6.Task2.V4.Test", "Tyuiu.RyabtsevNE.Sprint6.Task2.V4.Test\Tyuiu.RyabtsevNE.Sprint6.Task2.V4.Test.csproj", "{2DDEDED3-44FA-4DDB-987F-C2B22A55D16D}"
EndProject
Project("{FAE04EC0-301F-11D3-BF4B-00C04F79EFBC}") = "Tyuiu.RyabtsevNE.Sprint6.Task2.V4", "Tyuiu.RyabtsevNE.Sprint6.Task2.V4\Tyuiu.RyabtsevNE.Sprint6.Task2.V4.csproj", "{7CDF3090-2FC8-495A-89A8-13DB654142C2}"
EndProject
Project("{2150E333-8FDC-42A3-9474-1A3956D46DE8}") = "Task3", "Task3", "{1252BC67-630A-4665-8150-E8CAF20A6CBA}"
EndProject
Project("{FAE04EC0-301F-11D3-BF4B-00C04F79EFBC}") = "Tyuiu.RyabtsevNE.Sprint6.Task3.V17.Lib", "Tyuiu.RyabtsevNE.Sprint6.Task3.V17.Lib\Tyuiu.RyabtsevNE.Sprint6.Task3.V17.Lib.csproj", "{A78CE3B1-36F0-4106-B347-9002E5CE8BF9}"
EndProject
Project("{FAE04EC0-301F-11D3-BF4B-00C04F79EFBC}") = "Tyuiu.RyabtsevNE.Sprint6.Task3.V17.Test", "Tyuiu.RyabtsevNE.Sprint6.Task3.V17.Test\Tyuiu.RyabtsevNE.Sprint6.Task3.V17.Test.csproj", "{887CEFEF-8AAC-48DC-AB23-50EAC7460477}"
EndProject
Project("{FAE04EC0-301F-11D3-BF4B-00C04F79EFBC}") = "Tyuiu.RyabtsevNE.Sprint6.Task3.V17", "Tyuiu.RyabtsevNE.Sprint6.Task3.V17\Tyuiu.RyabtsevNE.Sprint6.Task3.V17.csproj", "{B572383F-3BE8-4085-B6EE-6C5D82EA8E33}"
EndProject
Project("{2150E333-8FDC-42A3-9474-1A3956D46DE8}") = "Task4", "Task4", "{3D90D51B-F764-4806-8A6A-53C0029EB605}"
EndProject
Project("{FAE04EC0-301F-11D3-BF4B-00C04F79EFBC}") = "Tyuiu.RyabtsevNE.Sprint6.Task4.V3.Lib", "Tyuiu.RyabtsevNE.Sprint6.Task4.V3.Lib\Tyuiu.RyabtsevNE.Sprint6.Task4.V3.Lib.csproj", "{14012B31-A443-4FC5-A651-35459B918D0D}"
EndProject
Project("{FAE04EC0-301F-11D3-BF4B-00C04F79EFBC}") = "Tyuiu.RyabtsevNE.Sprint6.Task4.V3.Test", "Tyuiu.RyabtsevNE.Sprint6.Task4.V3.Test\Tyuiu.RyabtsevNE.Sprint6.Task4.V3.Test.csproj", "{D5ECBE9E-27D2-4432-934F-1EC1B7350B4E}"
EndProject
Project("{FAE04EC0-301F-11D3-BF4B-00C04F79EFBC}") = "Tyuiu.RyabtsevNE.Sprint6.Task4.V3", "Tyuiu.RyabtsevNE.Sprint6.Task4.V3\Tyuiu.RyabtsevNE.Sprint6.Task4.V3.csproj", "{92253F40-D836-498C-8A68-D89F0AF8A583}"
EndProject
Project("{2150E333-8FDC-42A3-9474-1A3956D46DE8}") = "Task5", "Task5", "{8E60A7C3-016E-41A9-AE68-23F7CBBDCA3E}"
EndProject
Project("{FAE04EC0-301F-11D3-BF4B-00C04F79EFBC}") = "Tyuiu.RyabtsevNE.Sprint6.Task5.V22.Lib", "Tyuiu.RyabtsevNE.Sprint6.Task5.V22.Lib\Tyuiu.RyabtsevNE.Sprint6.Task5.V22.Lib.csproj", "{84938C6C-3502-469E-9A54-46755EB94BC9}"
EndProject
Project("{FAE04EC0-301F-11D3-BF4B-00C04F79EFBC}") = "Tyuiu.RyabtsevNE.Sprint6.Task5.V22.Test", "Tyuiu.RyabtsevNE.Sprint6.Task5.V22.Test\Tyuiu.RyabtsevNE.Sprint6.Task5.V22.Test.csproj", "{AAA8C7C4-76AB-4DE4-BF9B-E6002E009D38}"
EndProject
Project("{FAE04EC0-301F-11D3-BF4B-00C04F79EFBC}") = "Tyuiu.RyabtsevNE.Sprint6.Task5.V22", "Tyuiu.RyabtsevNE.Sprint6.Task5.V22\Tyuiu.RyabtsevNE.Sprint6.Task5.V22.csproj", "{24B8D3C9-B232-4F93-9CE3-4BDECB53E4CF}"
EndProject
Project("{2150E333-8FDC-42A3-9474-1A3956D46DE8}") = "Task7", "Task7", "{DCF35AA6-F1B9-4CE1-8224-4C6E3778A7DA}"
EndProject
Project("{FAE04EC0-301F-11D3-BF4B-00C04F79EFBC}") = "Tyuiu.RyabtsevNE.Sprint6.Task7.V21.Lib", "Tyuiu.RyabtsevNE.Sprint6.Task7.V21.Lib\Tyuiu.RyabtsevNE.Sprint6.Task7.V21.Lib.csproj", "{EF9C9486-ADAE-4884-921D-A3BE22D5D1E8}"
EndProject
Project("{FAE04EC0-301F-11D3-BF4B-00C04F79EFBC}") = "Tyuiu.RyabtsevNE.Sprint6.Task7.V21.Test", "Tyuiu.RyabtsevNE.Sprint6.Task7.V21.Test\Tyuiu.RyabtsevNE.Sprint6.Task7.V21.Test.csproj", "{A671D7BE-1143-4D9E-8E87-299A5681DF7C}"
EndProject
Project("{FAE04EC0-301F-11D3-BF4B-00C04F79EFBC}") = "Tyuiu.RyabtsevNE.Sprint6.Task7.V21", "Tyuiu.RyabtsevNE.Sprint6.Task7.V21\Tyuiu.RyabtsevNE.Sprint6.Task7.V21.csproj", "{4A405280-5845-4D1E-BFE4-0ED0A98598B6}"
EndProject
Project("{2150E333-8FDC-42A3-9474-1A3956D46DE8}") = "Task6", "Task6", "{1DB03BC8-D763-4122-BAAB-C8BF7EF167B7}"
EndProject
Project("{FAE04EC0-301F-11D3-BF4B-00C04F79EFBC}") = "Tyuiu.RyabtsevNE.Sprint6.Task6.V6.Lib", "Tyuiu.RyabtsevNE.Sprint6.Task6.V6.Lib\Tyuiu.RyabtsevNE.Sprint6.Task6.V6.Lib.csproj", "{3F0D9E66-ECC0-440F-B2DC-53E72A6BDA87}"
EndProject
Project("{FAE04EC0-301F-11D3-BF4B-00C04F79EFBC}") = "Tyuiu.RyabtsevNE.Sprint6.Task6.V6.Test", "Tyuiu.RyabtsevNE.Sprint6.Task6.V6.Test\Tyuiu.RyabtsevNE.Sprint6.Task6.V6.Test.csproj", "{BCE3150E-66F3-4C8A-937D-312030A66CF3}"
EndProject
Project("{FAE04EC0-301F-11D3-BF4B-00C04F79EFBC}") = "Tyuiu.RyabtsevNE.Sprint6.Task6.V6", "Tyuiu.RyabtsevNE.Sprint6.Task6.V6\Tyuiu.RyabtsevNE.Sprint6.Task6.V6.csproj", "{A29F4589-68D2-45E8-95D1-1AEE1AEB7B24}"
EndProject
Global
	GlobalSection(SolutionConfigurationPlatforms) = preSolution
		Debug|Any CPU = Debug|Any CPU
		Release|Any CPU = Release|Any CPU
	EndGlobalSection
	GlobalSection(ProjectConfigurationPlatforms) = postSolution
		{FB2C862E-B4CB-4E01-8333-E61C92C2416C}.Debug|Any CPU.ActiveCfg = Debug|Any CPU
		{FB2C862E-B4CB-4E01-8333-E61C92C2416C}.Debug|Any CPU.Build.0 = Debug|Any CPU
		{FB2C862E-B4CB-4E01-8333-E61C92C2416C}.Release|Any CPU.ActiveCfg = Release|Any CPU
		{FB2C862E-B4CB-4E01-8333-E61C92C2416C}.Release|Any CPU.Build.0 = Release|Any CPU
		{ACE694CB-6A5C-4B4A-9750-A42A5585A2FA}.Debug|Any CPU.ActiveCfg = Debug|Any CPU
		{ACE694CB-6A5C-4B4A-9750-A42A5585A2FA}.Debug|Any CPU.Build.0 = Debug|Any CPU
		{ACE694CB-6A5C-4B4A-9750-A42A5585A2FA}.Release|Any CPU.ActiveCfg = Release|Any CPU
		{ACE694CB-6A5C-4B4A-9750-A42A5585A2FA}.Release|Any CPU.Build.0 = Release|Any CPU
		{6B060B7C-F40D-4193-9CB0-6BD731F710E7}.Debug|Any CPU.ActiveCfg = Debug|Any CPU
		{6B060B7C-F40D-4193-9CB0-6BD731F710E7}.Debug|Any CPU.Build.0 = Debug|Any CPU
		{6B060B7C-F40D-4193-9CB0-6BD731F710E7}.Release|Any CPU.ActiveCfg = Release|Any CPU
		{6B060B7C-F40D-4193-9CB0-6BD731F710E7}.Release|Any CPU.Build.0 = Release|Any CPU
		{62879190-E52E-46C7-8034-A15F775DB9D5}.Debug|Any CPU.ActiveCfg = Debug|Any CPU
		{62879190-E52E-46C7-8034-A15F775DB9D5}.Debug|Any CPU.Build.0 = Debug|Any CPU
		{62879190-E52E-46C7-8034-A15F775DB9D5}.Release|Any CPU.ActiveCfg = Release|Any CPU
		{62879190-E52E-46C7-8034-A15F775DB9D5}.Release|Any CPU.Build.0 = Release|Any CPU
		{A0DD853B-56C1-41C1-8ECC-1FBC52FD0421}.Debug|Any CPU.ActiveCfg = Debug|Any CPU
		{A0DD853B-56C1-41C1-8ECC-1FBC52FD0421}.Debug|Any CPU.Build.0 = Debug|Any CPU
		{A0DD853B-56C1-41C1-8ECC-1FBC52FD0421}.Release|Any CPU.ActiveCfg = Release|Any CPU
		{A0DD853B-56C1-41C1-8ECC-1FBC52FD0421}.Release|Any CPU.Build.0 = Release|Any CPU
		{38467872-5AF5-46FF-87DA-22ECBF98B7DD}.Debug|Any CPU.ActiveCfg = Debug|Any CPU
		{38467872-5AF5-46FF-87DA-22ECBF98B7DD}.Debug|Any CPU.Build.0 = Debug|Any CPU
		{38467872-5AF5-46FF-87DA-22ECBF98B7DD}.Release|Any CPU.ActiveCfg = Release|Any CPU
		{38467872-5AF5-46FF-87DA-22ECBF98B7DD}.Release|Any CPU.Build.0 = Release|Any CPU
		{EFCAADCD-7A30-4C9B-8859-BE16A726D63E}.Debug|Any CPU.ActiveCfg = Debug|Any CPU
		{EFCAADCD-7A30-4C9B-8859-BE16A726D63E}.Debug|Any CPU.Build.0 = Debug|Any CPU
		{EFCAADCD-7A30-4C9B-8859-BE16A726D63E}.Release|Any CPU.ActiveCfg = Release|Any CPU
		{EFCAADCD-7A30-4C9B-8859-BE16A726D63E}.Release|Any CPU.Build.0 = Release|Any CPU
		{2DDEDED3-44FA-4DDB-987F-C2B22A55D16D}.Debug|Any CPU.ActiveCfg = Debug|Any CPU
		{2DDEDED3-44FA-4DDB-987F-C2B22A55D16D}.Debug|Any CPU.Build.0 = Debug|Any CPU
		{2DDEDED3-44FA-4DDB-987F-C2B22A55D16D}.Release|Any CPU.ActiveCfg = Release|Any CPU
		{2DDEDED3-44FA-4DDB-987F-C2B22A55D16D}.Release|Any CPU.Build.0 = Release|Any CPU
		{7CDF3090-2FC8-495A-89A8-13DB654142C2}.Debug|Any CPU.ActiveCfg = Debug|Any CPU
		{7CDF3090-2FC8-495A-89A8-13DB654142C2}.Debug|Any CPU.Build.0 = Debug|Any CPU
		{7CDF3090-2FC8-495A-89A8-13DB654142C2}.Release|Any CPU.ActiveCfg = Release|Any CPU
		{7CDF3090-2FC8-495A-89A8-13DB654142C2}.Release|Any CPU.Build.0 = Release|Any CPU
		{A78CE3B1-36F0-4106-B347-9002E5CE8BF9}.Debug|Any CPU.ActiveCfg = Debug|Any CPU
		{A78CE3B1-36F0-4106-B347-9002E5CE8BF9}.Debug|Any CPU.Build.0 = Debug|Any CPU
		{A78CE3B1-36F0-4106-B347-9002E5CE8BF9}.Release|Any CPU.ActiveCfg = Release|Any CPU
		{A78CE3B1-36F0-4106-B347-9002E5CE8BF9}.Release|Any CPU.Build.0 = Release|Any CPU
		{887CEFEF-8AAC-48DC-AB23-50EAC7460477}.Debug|Any CPU.ActiveCfg = Debug|Any CPU
		{887CEFEF-8AAC-48DC-AB23-50EAC7460477}.Debug|Any CPU.Build.0 = Debug|Any CPU
		{887CEFEF-8AAC-48DC-AB23-50EAC7460477}.Release|Any CPU.ActiveCfg = Release|Any CPU
		{887CEFEF-8AAC-48DC-AB23-50EAC7460477}.Release|Any CPU.Build.0 = Release|Any CPU
		{B572383F-3BE8-4085-B6EE-6C5D82EA8E33}.Debug|Any CPU.ActiveCfg = Debug|Any CPU
		{B572383F-3BE8-4085-B6EE-6C5D82EA8E33}.Debug|Any CPU.Build.0 = Debug|Any CPU
		{B572383F-3BE8-4085-B6EE-6C5D82EA8E33}.Release|Any CPU.ActiveCfg = Release|Any CPU
		{B572383F-3BE8-4085-B6EE-6C5D82EA8E33}.Release|Any CPU.Build.0 = Release|Any CPU
		{14012B31-A443-4FC5-A651-35459B918D0D}.Debug|Any CPU.ActiveCfg = Debug|Any CPU
		{14012B31-A443-4FC5-A651-35459B918D0D}.Debug|Any CPU.Build.0 = Debug|Any CPU
		{14012B31-A443-4FC5-A651-35459B918D0D}.Release|Any CPU.ActiveCfg = Release|Any CPU
		{14012B31-A443-4FC5-A651-35459B918D0D}.Release|Any CPU.Build.0 = Release|Any CPU
		{D5ECBE9E-27D2-4432-934F-1EC1B7350B4E}.Debug|Any CPU.ActiveCfg = Debug|Any CPU
		{D5ECBE9E-27D2-4432-934F-1EC1B7350B4E}.Debug|Any CPU.Build.0 = Debug|Any CPU
		{D5ECBE9E-27D2-4432-934F-1EC1B7350B4E}.Release|Any CPU.ActiveCfg = Release|Any CPU
		{D5ECBE9E-27D2-4432-934F-1EC1B7350B4E}.Release|Any CPU.Build.0 = Release|Any CPU
		{92253F40-D836-498C-8A68-D89F0AF8A583}.Debug|Any CPU.ActiveCfg = Debug|Any CPU
		{92253F40-D836-498C-8A68-D89F0AF8A583}.Debug|Any CPU.Build.0 = Debug|Any CPU
		{92253F40-D836-498C-8A68-D89F0AF8A583}.Release|Any CPU.ActiveCfg = Release|Any CPU
		{92253F40-D836-498C-8A68-D89F0AF8A583}.Release|Any CPU.Build.0 = Release|Any CPU
		{84938C6C-3502-469E-9A54-46755EB94BC9}.Debug|Any CPU.ActiveCfg = Debug|Any CPU
		{84938C6C-3502-469E-9A54-46755EB94BC9}.Debug|Any CPU.Build.0 = Debug|Any CPU
		{84938C6C-3502-469E-9A54-46755EB94BC9}.Release|Any CPU.ActiveCfg = Release|Any CPU
		{84938C6C-3502-469E-9A54-46755EB94BC9}.Release|Any CPU.Build.0 = Release|Any CPU
		{AAA8C7C4-76AB-4DE4-BF9B-E6002E009D38}.Debug|Any CPU.ActiveCfg = Debug|Any CPU
		{AAA8C7C4-76AB-4DE4-BF9B-E6002E009D38}.Debug|Any CPU.Build.0 = Debug|Any CPU
		{AAA8C7C4-76AB-4DE4-BF9B-E6002E009D38}.Release|Any CPU.ActiveCfg = Release|Any CPU
		{AAA8C7C4-76AB-4DE4-BF9B-E6002E009D38}.Release|Any CPU.Build.0 = Release|Any CPU
		{24B8D3C9-B232-4F93-9CE3-4BDECB53E4CF}.Debug|Any CPU.ActiveCfg = Debug|Any CPU
		{24B8D3C9-B232-4F93-9CE3-4BDECB53E4CF}.Debug|Any CPU.Build.0 = Debug|Any CPU
		{24B8D3C9-B232-4F93-9CE3-4BDECB53E4CF}.Release|Any CPU.ActiveCfg = Release|Any CPU
		{24B8D3C9-B232-4F93-9CE3-4BDECB53E4CF}.Release|Any CPU.Build.0 = Release|Any CPU
		{EF9C9486-ADAE-4884-921D-A3BE22D5D1E8}.Debug|Any CPU.ActiveCfg = Debug|Any CPU
		{EF9C9486-ADAE-4884-921D-A3BE22D5D1E8}.Debug|Any CPU.Build.0 = Debug|Any CPU
		{EF9C9486-ADAE-4884-921D-A3BE22D5D1E8}.Release|Any CPU.ActiveCfg = Release|Any CPU
		{EF9C9486-ADAE-4884-921D-A3BE22D5D1E8}.Release|Any CPU.Build.0 = Release|Any CPU
		{A671D7BE-1143-4D9E-8E87-299A5681DF7C}.Debug|Any CPU.ActiveCfg = Debug|Any CPU
		{A671D7BE-1143-4D9E-8E87-299A5681DF7C}.Debug|Any CPU.Build.0 = Debug|Any CPU
		{A671D7BE-1143-4D9E-8E87-299A5681DF7C}.Release|Any CPU.ActiveCfg = Release|Any CPU
		{A671D7BE-1143-4D9E-8E87-299A5681DF7C}.Release|Any CPU.Build.0 = Release|Any CPU
		{4A405280-5845-4D1E-BFE4-0ED0A98598B6}.Debug|Any CPU.ActiveCfg = Debug|Any CPU
		{4A405280-5845-4D1E-BFE4-0ED0A98598B6}.Debug|Any CPU.Build.0 = Debug|Any CPU
		{4A405280-5845-4D1E-BFE4-0ED0A98598B6}.Release|Any CPU.ActiveCfg = Release|Any CPU
		{4A405280-5845-4D1E-BFE4-0ED0A98598B6}.Release|Any CPU.Build.0 = Release|Any CPU
		{3F0D9E66-ECC0-440F-B2DC-53E72A6BDA87}.Debug|Any CPU.ActiveCfg = Debug|Any CPU
		{3F0D9E66-ECC0-440F-B2DC-53E72A6BDA87}.Debug|Any CPU.Build.0 = Debug|Any CPU
		{3F0D9E66-ECC0-440F-B2DC-53E72A6BDA87}.Release|Any CPU.ActiveCfg = Release|Any CPU
		{3F0D9E66-ECC0-440F-B2DC-53E72A6BDA87}.Release|Any CPU.Build.0 = Release|Any CPU
		{BCE3150E-66F3-4C8A-937D-312030A66CF3}.Debug|Any CPU.ActiveCfg = Debug|Any CPU
		{BCE3150E-66F3-4C8A-937D-312030A66CF3}.Debug|Any CPU.Build.0 = Debug|Any CPU
		{BCE3150E-66F3-4C8A-937D-312030A66CF3}.Release|Any CPU.ActiveCfg = Release|Any CPU
		{BCE3150E-66F3-4C8A-937D-312030A66CF3}.Release|Any CPU.Build.0 = Release|Any CPU
		{A29F4589-68D2-45E8-95D1-1AEE1AEB7B24}.Debug|Any CPU.ActiveCfg = Debug|Any CPU
		{A29F4589-68D2-45E8-95D1-1AEE1AEB7B24}.Debug|Any CPU.Build.0 = Debug|Any CPU
		{A29F4589-68D2-45E8-95D1-1AEE1AEB7B24}.Release|Any CPU.ActiveCfg = Release|Any CPU
		{A29F4589-68D2-45E8-95D1-1AEE1AEB7B24}.Release|Any CPU.Build.0 = Release|Any CPU
	EndGlobalSection
	GlobalSection(SolutionProperties) = preSolution
		HideSolutionNode = FALSE
	EndGlobalSection
	GlobalSection(NestedProjects) = preSolution
		{FB2C862E-B4CB-4E01-8333-E61C92C2416C} = {FDEECC1D-CDF1-42D9-8747-56BC1BEC8D9D}
		{ACE694CB-6A5C-4B4A-9750-A42A5585A2FA} = {FDEECC1D-CDF1-42D9-8747-56BC1BEC8D9D}
		{6B060B7C-F40D-4193-9CB0-6BD731F710E7} = {FDEECC1D-CDF1-42D9-8747-56BC1BEC8D9D}
		{62879190-E52E-46C7-8034-A15F775DB9D5} = {44BBBCDB-6CD6-4E38-ABB6-98E08688FA7E}
		{A0DD853B-56C1-41C1-8ECC-1FBC52FD0421} = {44BBBCDB-6CD6-4E38-ABB6-98E08688FA7E}
		{38467872-5AF5-46FF-87DA-22ECBF98B7DD} = {44BBBCDB-6CD6-4E38-ABB6-98E08688FA7E}
		{EFCAADCD-7A30-4C9B-8859-BE16A726D63E} = {F833EF4A-AA6E-42CD-8777-89C6889F5AF2}
		{2DDEDED3-44FA-4DDB-987F-C2B22A55D16D} = {F833EF4A-AA6E-42CD-8777-89C6889F5AF2}
		{7CDF3090-2FC8-495A-89A8-13DB654142C2} = {F833EF4A-AA6E-42CD-8777-89C6889F5AF2}
		{A78CE3B1-36F0-4106-B347-9002E5CE8BF9} = {1252BC67-630A-4665-8150-E8CAF20A6CBA}
		{887CEFEF-8AAC-48DC-AB23-50EAC7460477} = {1252BC67-630A-4665-8150-E8CAF20A6CBA}
		{B572383F-3BE8-4085-B6EE-6C5D82EA8E33} = {1252BC67-630A-4665-8150-E8CAF20A6CBA}
		{14012B31-A443-4FC5-A651-35459B918D0D} = {3D90D51B-F764-4806-8A6A-53C0029EB605}
		{D5ECBE9E-27D2-4432-934F-1EC1B7350B4E} = {3D90D51B-F764-4806-8A6A-53C0029EB605}
		{92253F40-D836-498C-8A68-D89F0AF8A583} = {3D90D51B-F764-4806-8A6A-53C0029EB605}
		{84938C6C-3502-469E-9A54-46755EB94BC9} = {8E60A7C3-016E-41A9-AE68-23F7CBBDCA3E}
		{AAA8C7C4-76AB-4DE4-BF9B-E6002E009D38} = {8E60A7C3-016E-41A9-AE68-23F7CBBDCA3E}
		{24B8D3C9-B232-4F93-9CE3-4BDECB53E4CF} = {8E60A7C3-016E-41A9-AE68-23F7CBBDCA3E}
		{EF9C9486-ADAE-4884-921D-A3BE22D5D1E8} = {DCF35AA6-F1B9-4CE1-8224-4C6E3778A7DA}
		{A671D7BE-1143-4D9E-8E87-299A5681DF7C} = {DCF35AA6-F1B9-4CE1-8224-4C6E3778A7DA}
		{4A405280-5845-4D1E-BFE4-0ED0A98598B6} = {DCF35AA6-F1B9-4CE1-8224-4C6E3778A7DA}
		{3F0D9E66-ECC0-440F-B2DC-53E72A6BDA87} = {1DB03BC8-D763-4122-BAAB-C8BF7EF167B7}
		{BCE3150E-66F3-4C8A-937D-312030A66CF3} = {1DB03BC8-D763-4122-BAAB-C8BF7EF167B7}
		{A29F4589-68D2-45E8-95D1-1AEE1AEB7B24} = {1DB03BC8-D763-4122-BAAB-C8BF7EF167B7}
	EndGlobalSection
EndGlobal
